{"filter":false,"title":"package-lock.json","tooltip":"/P3j5slIMb1JFHcmPayrollCreateMergeHistoricalSalary/package-lock.json","undoManager":{"mark":-1,"position":-1,"stack":[]},"ace":{"folds":[],"scrolltop":0,"scrollleft":0,"selection":{"start":{"row":20,"column":0},"end":{"row":20,"column":0},"isBackwards":false},"options":{"guessTabSize":true,"useWrapMode":false,"wrapToView":true},"firstLineState":0},"timestamp":1604355865114,"hash":"fc8a33a0e68403ae1974f4bdf5f34a2a50161784"}